// !$*UTF8*$!
{
	archiveVersion = 1;
	classes = {
	};
	objectVersion = 46;
	objects = {

/* Begin PBXBuildFile section */
		36C6B4FD1CA467530065CEA4 /* AppDelegate.swift in Sources */ = {isa = PBXBuildFile; fileRef = 36C6B4FC1CA467530065CEA4 /* AppDelegate.swift */; };
		36C6B5041CA467530065CEA4 /* Main.storyboard in Resources */ = {isa = PBXBuildFile; fileRef = 36C6B5021CA467530065CEA4 /* Main.storyboard */; };
		36C6B5061CA467530065CEA4 /* Assets.xcassets in Resources */ = {isa = PBXBuildFile; fileRef = 36C6B5051CA467530065CEA4 /* Assets.xcassets */; };
		36C6B5091CA467530065CEA4 /* LaunchScreen.storyboard in Resources */ = {isa = PBXBuildFile; fileRef = 36C6B5071CA467530065CEA4 /* LaunchScreen.storyboard */; };
		36C6B5141CA467530065CEA4 /* ABCDTests.swift in Sources */ = {isa = PBXBuildFile; fileRef = 36C6B5131CA467530065CEA4 /* ABCDTests.swift */; };
		36C6B51F1CA467530065CEA4 /* ABCDUITests.swift in Sources */ = {isa = PBXBuildFile; fileRef = 36C6B51E1CA467530065CEA4 /* ABCDUITests.swift */; };
		36C6B52D1CA468070065CEA4 /* GroupTableViewController.swift in Sources */ = {isa = PBXBuildFile; fileRef = 36C6B52C1CA468070065CEA4 /* GroupTableViewController.swift */; };
		36C6B52F1CA468430065CEA4 /* PeopleTableViewController.swift in Sources */ = {isa = PBXBuildFile; fileRef = 36C6B52E1CA468430065CEA4 /* PeopleTableViewController.swift */; };
		36C6B5351CA469920065CEA4 /* ChildProfileViewController.swift in Sources */ = {isa = PBXBuildFile; fileRef = 36C6B5341CA469920065CEA4 /* ChildProfileViewController.swift */; };
		36C6B5371CA469980065CEA4 /* UserProfileViewController.swift in Sources */ = {isa = PBXBuildFile; fileRef = 36C6B5361CA469980065CEA4 /* UserProfileViewController.swift */; };
		36C6B5391CA46A280065CEA4 /* GroupMembersTableViewController.swift in Sources */ = {isa = PBXBuildFile; fileRef = 36C6B5381CA46A280065CEA4 /* GroupMembersTableViewController.swift */; };
		36C6B53F1CA46E360065CEA4 /* EventViewController.swift in Sources */ = {isa = PBXBuildFile; fileRef = 36C6B53E1CA46E360065CEA4 /* EventViewController.swift */; };
		36C6B5411CA471A80065CEA4 /* MyProfileViewController.swift in Sources */ = {isa = PBXBuildFile; fileRef = 36C6B5401CA471A80065CEA4 /* MyProfileViewController.swift */; };
		36C6B5451CA5B67A0065CEA4 /* TagViewController.swift in Sources */ = {isa = PBXBuildFile; fileRef = 36C6B5441CA5B67A0065CEA4 /* TagViewController.swift */; };
		36C6B54B1CA5BB6E0065CEA4 /* AddGroupViewController.swift in Sources */ = {isa = PBXBuildFile; fileRef = 36C6B54A1CA5BB6E0065CEA4 /* AddGroupViewController.swift */; };
		36C6B54D1CA5BF260065CEA4 /* GroupForCheckinTableViewController.swift in Sources */ = {isa = PBXBuildFile; fileRef = 36C6B54C1CA5BF260065CEA4 /* GroupForCheckinTableViewController.swift */; };
		36C6B54F1CA5C2DE0065CEA4 /* SelectGroupTableViewController.swift in Sources */ = {isa = PBXBuildFile; fileRef = 36C6B54E1CA5C2DE0065CEA4 /* SelectGroupTableViewController.swift */; };
		36C6B5511CA5C4370065CEA4 /* SelectChildrenTableViewController.swift in Sources */ = {isa = PBXBuildFile; fileRef = 36C6B5501CA5C4370065CEA4 /* SelectChildrenTableViewController.swift */; };
		36C6B5531CA5C5150065CEA4 /* LogEventViewController.swift in Sources */ = {isa = PBXBuildFile; fileRef = 36C6B5521CA5C5150065CEA4 /* LogEventViewController.swift */; };
		36C6B5551CA5CA260065CEA4 /* CheckOutViewController.swift in Sources */ = {isa = PBXBuildFile; fileRef = 36C6B5541CA5CA260065CEA4 /* CheckOutViewController.swift */; };
		36E226AD1CA5CCC300630A5C /* EventsTableViewController.swift in Sources */ = {isa = PBXBuildFile; fileRef = 36E226AC1CA5CCC300630A5C /* EventsTableViewController.swift */; };
		E6FB8EC51CADA58C00DB447A /* test.txt in Resources */ = {isa = PBXBuildFile; fileRef = E6FB8EC41CADA58C00DB447A /* test.txt */; };
/* End PBXBuildFile section */

/* Begin PBXContainerItemProxy section */
		36C6B5101CA467530065CEA4 /* PBXContainerItemProxy */ = {
			isa = PBXContainerItemProxy;
			containerPortal = 36C6B4F11CA467530065CEA4 /* Project object */;
			proxyType = 1;
			remoteGlobalIDString = 36C6B4F81CA467530065CEA4;
			remoteInfo = ABCD;
		};
		36C6B51B1CA467530065CEA4 /* PBXContainerItemProxy */ = {
			isa = PBXContainerItemProxy;
			containerPortal = 36C6B4F11CA467530065CEA4 /* Project object */;
			proxyType = 1;
			remoteGlobalIDString = 36C6B4F81CA467530065CEA4;
			remoteInfo = ABCD;
		};
/* End PBXContainerItemProxy section */

/* Begin PBXFileReference section */
		36C6B4F91CA467530065CEA4 /* ABCD.app */ = {isa = PBXFileReference; explicitFileType = wrapper.application; includeInIndex = 0; path = ABCD.app; sourceTree = BUILT_PRODUCTS_DIR; };
		36C6B4FC1CA467530065CEA4 /* AppDelegate.swift */ = {isa = PBXFileReference; lastKnownFileType = sourcecode.swift; path = AppDelegate.swift; sourceTree = "<group>"; };
		36C6B5031CA467530065CEA4 /* Base */ = {isa = PBXFileReference; lastKnownFileType = file.storyboard; name = Base; path = Base.lproj/Main.storyboard; sourceTree = "<group>"; };
		36C6B5051CA467530065CEA4 /* Assets.xcassets */ = {isa = PBXFileReference; lastKnownFileType = folder.assetcatalog; path = Assets.xcassets; sourceTree = "<group>"; };
		36C6B5081CA467530065CEA4 /* Base */ = {isa = PBXFileReference; lastKnownFileType = file.storyboard; name = Base; path = Base.lproj/LaunchScreen.storyboard; sourceTree = "<group>"; };
		36C6B50A1CA467530065CEA4 /* Info.plist */ = {isa = PBXFileReference; lastKnownFileType = text.plist.xml; path = Info.plist; sourceTree = "<group>"; };
		36C6B50F1CA467530065CEA4 /* ABCDTests.xctest */ = {isa = PBXFileReference; explicitFileType = wrapper.cfbundle; includeInIndex = 0; path = ABCDTests.xctest; sourceTree = BUILT_PRODUCTS_DIR; };
		36C6B5131CA467530065CEA4 /* ABCDTests.swift */ = {isa = PBXFileReference; lastKnownFileType = sourcecode.swift; path = ABCDTests.swift; sourceTree = "<group>"; };
		36C6B5151CA467530065CEA4 /* Info.plist */ = {isa = PBXFileReference; lastKnownFileType = text.plist.xml; path = Info.plist; sourceTree = "<group>"; };
		36C6B51A1CA467530065CEA4 /* ABCDUITests.xctest */ = {isa = PBXFileReference; explicitFileType = wrapper.cfbundle; includeInIndex = 0; path = ABCDUITests.xctest; sourceTree = BUILT_PRODUCTS_DIR; };
		36C6B51E1CA467530065CEA4 /* ABCDUITests.swift */ = {isa = PBXFileReference; lastKnownFileType = sourcecode.swift; path = ABCDUITests.swift; sourceTree = "<group>"; };
		36C6B5201CA467530065CEA4 /* Info.plist */ = {isa = PBXFileReference; lastKnownFileType = text.plist.xml; path = Info.plist; sourceTree = "<group>"; };
		36C6B52C1CA468070065CEA4 /* GroupTableViewController.swift */ = {isa = PBXFileReference; fileEncoding = 4; lastKnownFileType = sourcecode.swift; path = GroupTableViewController.swift; sourceTree = "<group>"; };
		36C6B52E1CA468430065CEA4 /* PeopleTableViewController.swift */ = {isa = PBXFileReference; fileEncoding = 4; lastKnownFileType = sourcecode.swift; path = PeopleTableViewController.swift; sourceTree = "<group>"; };
		36C6B5341CA469920065CEA4 /* ChildProfileViewController.swift */ = {isa = PBXFileReference; fileEncoding = 4; lastKnownFileType = sourcecode.swift; path = ChildProfileViewController.swift; sourceTree = "<group>"; };
		36C6B5361CA469980065CEA4 /* UserProfileViewController.swift */ = {isa = PBXFileReference; fileEncoding = 4; lastKnownFileType = sourcecode.swift; path = UserProfileViewController.swift; sourceTree = "<group>"; };
		36C6B5381CA46A280065CEA4 /* GroupMembersTableViewController.swift */ = {isa = PBXFileReference; fileEncoding = 4; lastKnownFileType = sourcecode.swift; path = GroupMembersTableViewController.swift; sourceTree = "<group>"; };
		36C6B53E1CA46E360065CEA4 /* EventViewController.swift */ = {isa = PBXFileReference; fileEncoding = 4; lastKnownFileType = sourcecode.swift; path = EventViewController.swift; sourceTree = "<group>"; };
		36C6B5401CA471A80065CEA4 /* MyProfileViewController.swift */ = {isa = PBXFileReference; fileEncoding = 4; lastKnownFileType = sourcecode.swift; path = MyProfileViewController.swift; sourceTree = "<group>"; };
		36C6B5441CA5B67A0065CEA4 /* TagViewController.swift */ = {isa = PBXFileReference; fileEncoding = 4; lastKnownFileType = sourcecode.swift; path = TagViewController.swift; sourceTree = "<group>"; };
		36C6B54A1CA5BB6E0065CEA4 /* AddGroupViewController.swift */ = {isa = PBXFileReference; fileEncoding = 4; lastKnownFileType = sourcecode.swift; path = AddGroupViewController.swift; sourceTree = "<group>"; };
		36C6B54C1CA5BF260065CEA4 /* GroupForCheckinTableViewController.swift */ = {isa = PBXFileReference; fileEncoding = 4; lastKnownFileType = sourcecode.swift; path = GroupForCheckinTableViewController.swift; sourceTree = "<group>"; };
		36C6B54E1CA5C2DE0065CEA4 /* SelectGroupTableViewController.swift */ = {isa = PBXFileReference; fileEncoding = 4; lastKnownFileType = sourcecode.swift; path = SelectGroupTableViewController.swift; sourceTree = "<group>"; };
		36C6B5501CA5C4370065CEA4 /* SelectChildrenTableViewController.swift */ = {isa = PBXFileReference; fileEncoding = 4; lastKnownFileType = sourcecode.swift; path = SelectChildrenTableViewController.swift; sourceTree = "<group>"; };
		36C6B5521CA5C5150065CEA4 /* LogEventViewController.swift */ = {isa = PBXFileReference; fileEncoding = 4; lastKnownFileType = sourcecode.swift; path = LogEventViewController.swift; sourceTree = "<group>"; };
		36C6B5541CA5CA260065CEA4 /* CheckOutViewController.swift */ = {isa = PBXFileReference; fileEncoding = 4; lastKnownFileType = sourcecode.swift; path = CheckOutViewController.swift; sourceTree = "<group>"; };
		36E226AC1CA5CCC300630A5C /* EventsTableViewController.swift */ = {isa = PBXFileReference; fileEncoding = 4; lastKnownFileType = sourcecode.swift; path = EventsTableViewController.swift; sourceTree = "<group>"; };
		E6FB8EC41CADA58C00DB447A /* test.txt */ = {isa = PBXFileReference; fileEncoding = 4; lastKnownFileType = text; path = test.txt; sourceTree = "<group>"; };
/* End PBXFileReference section */

/* Begin PBXFrameworksBuildPhase section */
		36C6B4F61CA467530065CEA4 /* Frameworks */ = {
			isa = PBXFrameworksBuildPhase;
			buildActionMask = 2147483647;
			files = (
			);
			runOnlyForDeploymentPostprocessing = 0;
		};
		36C6B50C1CA467530065CEA4 /* Frameworks */ = {
			isa = PBXFrameworksBuildPhase;
			buildActionMask = 2147483647;
			files = (
			);
			runOnlyForDeploymentPostprocessing = 0;
		};
		36C6B5171CA467530065CEA4 /* Frameworks */ = {
			isa = PBXFrameworksBuildPhase;
			buildActionMask = 2147483647;
			files = (
			);
			runOnlyForDeploymentPostprocessing = 0;
		};
/* End PBXFrameworksBuildPhase section */

/* Begin PBXGroup section */
		36C6B4F01CA467530065CEA4 = {
			isa = PBXGroup;
			children = (
				36C6B4FB1CA467530065CEA4 /* ABCD */,
				36C6B5121CA467530065CEA4 /* ABCDTests */,
				36C6B51D1CA467530065CEA4 /* ABCDUITests */,
				36C6B4FA1CA467530065CEA4 /* Products */,
			);
			sourceTree = "<group>";
		};
		36C6B4FA1CA467530065CEA4 /* Products */ = {
			isa = PBXGroup;
			children = (
				36C6B4F91CA467530065CEA4 /* ABCD.app */,
				36C6B50F1CA467530065CEA4 /* ABCDTests.xctest */,
				36C6B51A1CA467530065CEA4 /* ABCDUITests.xctest */,
			);
			name = Products;
			sourceTree = "<group>";
		};
		36C6B4FB1CA467530065CEA4 /* ABCD */ = {
			isa = PBXGroup;
			children = (
				36C6B5491CA5B8A60065CEA4 /* My Profile */,
				36C6B5481CA5B88A0065CEA4 /* Events */,
				36C6B5471CA5B8680065CEA4 /* People */,
				36C6B5461CA5B8440065CEA4 /* Groups */,
				36C6B4FC1CA467530065CEA4 /* AppDelegate.swift */,
				36C6B5021CA467530065CEA4 /* Main.storyboard */,
				36C6B5051CA467530065CEA4 /* Assets.xcassets */,
				36C6B5071CA467530065CEA4 /* LaunchScreen.storyboard */,
				36C6B50A1CA467530065CEA4 /* Info.plist */,
				E6FB8EC41CADA58C00DB447A /* test.txt */,
			);
			path = ABCD;
			sourceTree = "<group>";
		};
		36C6B5121CA467530065CEA4 /* ABCDTests */ = {
			isa = PBXGroup;
			children = (
				36C6B5131CA467530065CEA4 /* ABCDTests.swift */,
				36C6B5151CA467530065CEA4 /* Info.plist */,
			);
			path = ABCDTests;
			sourceTree = "<group>";
		};
		36C6B51D1CA467530065CEA4 /* ABCDUITests */ = {
			isa = PBXGroup;
			children = (
				36C6B51E1CA467530065CEA4 /* ABCDUITests.swift */,
				36C6B5201CA467530065CEA4 /* Info.plist */,
			);
			path = ABCDUITests;
			sourceTree = "<group>";
		};
		36C6B5461CA5B8440065CEA4 /* Groups */ = {
			isa = PBXGroup;
			children = (
				36C6B54E1CA5C2DE0065CEA4 /* SelectGroupTableViewController.swift */,
				36C6B54C1CA5BF260065CEA4 /* GroupForCheckinTableViewController.swift */,
				36C6B54A1CA5BB6E0065CEA4 /* AddGroupViewController.swift */,
				36C6B5381CA46A280065CEA4 /* GroupMembersTableViewController.swift */,
				36C6B52C1CA468070065CEA4 /* GroupTableViewController.swift */,
			);
			name = Groups;
			sourceTree = "<group>";
		};
		36C6B5471CA5B8680065CEA4 /* People */ = {
			isa = PBXGroup;
			children = (
				36C6B5441CA5B67A0065CEA4 /* TagViewController.swift */,
				36C6B5501CA5C4370065CEA4 /* SelectChildrenTableViewController.swift */,
				36C6B5341CA469920065CEA4 /* ChildProfileViewController.swift */,
				36C6B5361CA469980065CEA4 /* UserProfileViewController.swift */,
				36C6B5541CA5CA260065CEA4 /* CheckOutViewController.swift */,
				36C6B52E1CA468430065CEA4 /* PeopleTableViewController.swift */,
			);
			name = People;
			sourceTree = "<group>";
		};
		36C6B5481CA5B88A0065CEA4 /* Events */ = {
			isa = PBXGroup;
			children = (
				36E226AC1CA5CCC300630A5C /* EventsTableViewController.swift */,
				36C6B5521CA5C5150065CEA4 /* LogEventViewController.swift */,
				36C6B53E1CA46E360065CEA4 /* EventViewController.swift */,
			);
			name = Events;
			sourceTree = "<group>";
		};
		36C6B5491CA5B8A60065CEA4 /* My Profile */ = {
			isa = PBXGroup;
			children = (
				36C6B5401CA471A80065CEA4 /* MyProfileViewController.swift */,
			);
			name = "My Profile";
			sourceTree = "<group>";
		};
/* End PBXGroup section */

/* Begin PBXNativeTarget section */
		36C6B4F81CA467530065CEA4 /* ABCD */ = {
			isa = PBXNativeTarget;
			buildConfigurationList = 36C6B5231CA467530065CEA4 /* Build configuration list for PBXNativeTarget "ABCD" */;
			buildPhases = (
				36C6B4F51CA467530065CEA4 /* Sources */,
				36C6B4F61CA467530065CEA4 /* Frameworks */,
				36C6B4F71CA467530065CEA4 /* Resources */,
			);
			buildRules = (
			);
			dependencies = (
			);
			name = ABCD;
			productName = ABCD;
			productReference = 36C6B4F91CA467530065CEA4 /* ABCD.app */;
			productType = "com.apple.product-type.application";
		};
		36C6B50E1CA467530065CEA4 /* ABCDTests */ = {
			isa = PBXNativeTarget;
			buildConfigurationList = 36C6B5261CA467530065CEA4 /* Build configuration list for PBXNativeTarget "ABCDTests" */;
			buildPhases = (
				36C6B50B1CA467530065CEA4 /* Sources */,
				36C6B50C1CA467530065CEA4 /* Frameworks */,
				36C6B50D1CA467530065CEA4 /* Resources */,
			);
			buildRules = (
			);
			dependencies = (
				36C6B5111CA467530065CEA4 /* PBXTargetDependency */,
			);
			name = ABCDTests;
			productName = ABCDTests;
			productReference = 36C6B50F1CA467530065CEA4 /* ABCDTests.xctest */;
			productType = "com.apple.product-type.bundle.unit-test";
		};
		36C6B5191CA467530065CEA4 /* ABCDUITests */ = {
			isa = PBXNativeTarget;
			buildConfigurationList = 36C6B5291CA467530065CEA4 /* Build configuration list for PBXNativeTarget "ABCDUITests" */;
			buildPhases = (
				36C6B5161CA467530065CEA4 /* Sources */,
				36C6B5171CA467530065CEA4 /* Frameworks */,
				36C6B5181CA467530065CEA4 /* Resources */,
			);
			buildRules = (
			);
			dependencies = (
				36C6B51C1CA467530065CEA4 /* PBXTargetDependency */,
			);
			name = ABCDUITests;
			productName = ABCDUITests;
			productReference = 36C6B51A1CA467530065CEA4 /* ABCDUITests.xctest */;
			productType = "com.apple.product-type.bundle.ui-testing";
		};
/* End PBXNativeTarget section */

/* Begin PBXProject section */
		36C6B4F11CA467530065CEA4 /* Project object */ = {
			isa = PBXProject;
			attributes = {
				LastSwiftUpdateCheck = 0730;
				LastUpgradeCheck = 0730;
				ORGANIZATIONNAME = "John Russell";
				TargetAttributes = {
					36C6B4F81CA467530065CEA4 = {
						CreatedOnToolsVersion = 7.3;
					};
					36C6B50E1CA467530065CEA4 = {
						CreatedOnToolsVersion = 7.3;
						TestTargetID = 36C6B4F81CA467530065CEA4;
					};
					36C6B5191CA467530065CEA4 = {
						CreatedOnToolsVersion = 7.3;
						TestTargetID = 36C6B4F81CA467530065CEA4;
					};
				};
			};
			buildConfigurationList = 36C6B4F41CA467530065CEA4 /* Build configuration list for PBXProject "ABCD" */;
			compatibilityVersion = "Xcode 3.2";
			developmentRegion = English;
			hasScannedForEncodings = 0;
			knownRegions = (
				en,
				Base,
			);
			mainGroup = 36C6B4F01CA467530065CEA4;
			productRefGroup = 36C6B4FA1CA467530065CEA4 /* Products */;
			projectDirPath = "";
			projectRoot = "";
			targets = (
				36C6B4F81CA467530065CEA4 /* ABCD */,
				36C6B50E1CA467530065CEA4 /* ABCDTests */,
				36C6B5191CA467530065CEA4 /* ABCDUITests */,
			);
		};
/* End PBXProject section */

/* Begin PBXResourcesBuildPhase section */
		36C6B4F71CA467530065CEA4 /* Resources */ = {
			isa = PBXResourcesBuildPhase;
			buildActionMask = 2147483647;
			files = (
				36C6B5091CA467530065CEA4 /* LaunchScreen.storyboard in Resources */,
				36C6B5061CA467530065CEA4 /* Assets.xcassets in Resources */,
				E6FB8EC51CADA58C00DB447A /* test.txt in Resources */,
				36C6B5041CA467530065CEA4 /* Main.storyboard in Resources */,
			);
			runOnlyForDeploymentPostprocessing = 0;
		};
		36C6B50D1CA467530065CEA4 /* Resources */ = {
			isa = PBXResourcesBuildPhase;
			buildActionMask = 2147483647;
			files = (
			);
			runOnlyForDeploymentPostprocessing = 0;
		};
		36C6B5181CA467530065CEA4 /* Resources */ = {
			isa = PBXResourcesBuildPhase;
			buildActionMask = 2147483647;
			files = (
			);
			runOnlyForDeploymentPostprocessing = 0;
		};
/* End PBXResourcesBuildPhase section */

/* Begin PBXSourcesBuildPhase section */
		36C6B4F51CA467530065CEA4 /* Sources */ = {
			isa = PBXSourcesBuildPhase;
			buildActionMask = 2147483647;
			files = (
				36C6B5551CA5CA260065CEA4 /* CheckOutViewController.swift in Sources */,
				36C6B5411CA471A80065CEA4 /* MyProfileViewController.swift in Sources */,
				36C6B4FD1CA467530065CEA4 /* AppDelegate.swift in Sources */,
				36C6B5371CA469980065CEA4 /* UserProfileViewController.swift in Sources */,
				36E226AD1CA5CCC300630A5C /* EventsTableViewController.swift in Sources */,
				36C6B54B1CA5BB6E0065CEA4 /* AddGroupViewController.swift in Sources */,
				36C6B52F1CA468430065CEA4 /* PeopleTableViewController.swift in Sources */,
				36C6B53F1CA46E360065CEA4 /* EventViewController.swift in Sources */,
				36C6B54D1CA5BF260065CEA4 /* GroupForCheckinTableViewController.swift in Sources */,
				36C6B54F1CA5C2DE0065CEA4 /* SelectGroupTableViewController.swift in Sources */,
				36C6B5531CA5C5150065CEA4 /* LogEventViewController.swift in Sources */,
				36C6B5351CA469920065CEA4 /* ChildProfileViewController.swift in Sources */,
				36C6B5451CA5B67A0065CEA4 /* TagViewController.swift in Sources */,
				36C6B52D1CA468070065CEA4 /* GroupTableViewController.swift in Sources */,
				36C6B5511CA5C4370065CEA4 /* SelectChildrenTableViewController.swift in Sources */,
				36C6B5391CA46A280065CEA4 /* GroupMembersTableViewController.swift in Sources */,
			);
			runOnlyForDeploymentPostprocessing = 0;
		};
		36C6B50B1CA467530065CEA4 /* Sources */ = {
			isa = PBXSourcesBuildPhase;
			buildActionMask = 2147483647;
			files = (
				36C6B5141CA467530065CEA4 /* ABCDTests.swift in Sources */,
			);
			runOnlyForDeploymentPostprocessing = 0;
		};
		36C6B5161CA467530065CEA4 /* Sources */ = {
			isa = PBXSourcesBuildPhase;
			buildActionMask = 2147483647;
			files = (
				36C6B51F1CA467530065CEA4 /* ABCDUITests.swift in Sources */,
			);
			runOnlyForDeploymentPostprocessing = 0;
		};
/* End PBXSourcesBuildPhase section */

/* Begin PBXTargetDependency section */
		36C6B5111CA467530065CEA4 /* PBXTargetDependency */ = {
			isa = PBXTargetDependency;
			target = 36C6B4F81CA467530065CEA4 /* ABCD */;
			targetProxy = 36C6B5101CA467530065CEA4 /* PBXContainerItemProxy */;
		};
		36C6B51C1CA467530065CEA4 /* PBXTargetDependency */ = {
			isa = PBXTargetDependency;
			target = 36C6B4F81CA467530065CEA4 /* ABCD */;
			targetProxy = 36C6B51B1CA467530065CEA4 /* PBXContainerItemProxy */;
		};
/* End PBXTargetDependency section */

/* Begin PBXVariantGroup section */
		36C6B5021CA467530065CEA4 /* Main.storyboard */ = {
			isa = PBXVariantGroup;
			children = (
				36C6B5031CA467530065CEA4 /* Base */,
			);
			name = Main.storyboard;
			sourceTree = "<group>";
		};
		36C6B5071CA467530065CEA4 /* LaunchScreen.storyboard */ = {
			isa = PBXVariantGroup;
			children = (
				36C6B5081CA467530065CEA4 /* Base */,
			);
			name = LaunchScreen.storyboard;
			sourceTree = "<group>";
		};
/* End PBXVariantGroup section */

/* Begin XCBuildConfiguration section */
		36C6B5211CA467530065CEA4 /* Debug */ = {
			isa = XCBuildConfiguration;
			buildSettings = {
				ALWAYS_SEARCH_USER_PATHS = NO;
				CLANG_ANALYZER_NONNULL = YES;
				CLANG_CXX_LANGUAGE_STANDARD = "gnu++0x";
				CLANG_CXX_LIBRARY = "libc++";
				CLANG_ENABLE_MODULES = YES;
				CLANG_ENABLE_OBJC_ARC = YES;
				CLANG_WARN_BOOL_CONVERSION = YES;
				CLANG_WARN_CONSTANT_CONVERSION = YES;
				CLANG_WARN_DIRECT_OBJC_ISA_USAGE = YES_ERROR;
				CLANG_WARN_EMPTY_BODY = YES;
				CLANG_WARN_ENUM_CONVERSION = YES;
				CLANG_WARN_INT_CONVERSION = YES;
				CLANG_WARN_OBJC_ROOT_CLASS = YES_ERROR;
				CLANG_WARN_UNREACHABLE_CODE = YES;
				CLANG_WARN__DUPLICATE_METHOD_MATCH = YES;
				"CODE_SIGN_IDENTITY[sdk=iphoneos*]" = "iPhone Developer";
				COPY_PHASE_STRIP = NO;
				DEBUG_INFORMATION_FORMAT = dwarf;
				ENABLE_STRICT_OBJC_MSGSEND = YES;
				ENABLE_TESTABILITY = YES;
				GCC_C_LANGUAGE_STANDARD = gnu99;
				GCC_DYNAMIC_NO_PIC = NO;
				GCC_NO_COMMON_BLOCKS = YES;
				GCC_OPTIMIZATION_LEVEL = 0;
				GCC_PREPROCESSOR_DEFINITIONS = (
					"DEBUG=1",
					"$(inherited)",
				);
				GCC_WARN_64_TO_32_BIT_CONVERSION = YES;
				GCC_WARN_ABOUT_RETURN_TYPE = YES_ERROR;
				GCC_WARN_UNDECLARED_SELECTOR = YES;
				GCC_WARN_UNINITIALIZED_AUTOS = YES_AGGRESSIVE;
				GCC_WARN_UNUSED_FUNCTION = YES;
				GCC_WARN_UNUSED_VARIABLE = YES;
				IPHONEOS_DEPLOYMENT_TARGET = 9.3;
				MTL_ENABLE_DEBUG_INFO = YES;
				ONLY_ACTIVE_ARCH = YES;
				SDKROOT = iphoneos;
				SWIFT_OPTIMIZATION_LEVEL = "-Onone";
			};
			name = Debug;
		};
		36C6B5221CA467530065CEA4 /* Release */ = {
			isa = XCBuildConfiguration;
			buildSettings = {
				ALWAYS_SEARCH_USER_PATHS = NO;
				CLANG_ANALYZER_NONNULL = YES;
				CLANG_CXX_LANGUAGE_STANDARD = "gnu++0x";
				CLANG_CXX_LIBRARY = "libc++";
				CLANG_ENABLE_MODULES = YES;
				CLANG_ENABLE_OBJC_ARC = YES;
				CLANG_WARN_BOOL_CONVERSION = YES;
				CLANG_WARN_CONSTANT_CONVERSION = YES;
				CLANG_WARN_DIRECT_OBJC_ISA_USAGE = YES_ERROR;
				CLANG_WARN_EMPTY_BODY = YES;
				CLANG_WARN_ENUM_CONVERSION = YES;
				CLANG_WARN_INT_CONVERSION = YES;
				CLANG_WARN_OBJC_ROOT_CLASS = YES_ERROR;
				CLANG_WARN_UNREACHABLE_CODE = YES;
				CLANG_WARN__DUPLICATE_METHOD_MATCH = YES;
				"CODE_SIGN_IDENTITY[sdk=iphoneos*]" = "iPhone Developer";
				COPY_PHASE_STRIP = NO;
				DEBUG_INFORMATION_FORMAT = "dwarf-with-dsym";
				ENABLE_NS_ASSERTIONS = NO;
				ENABLE_STRICT_OBJC_MSGSEND = YES;
				GCC_C_LANGUAGE_STANDARD = gnu99;
				GCC_NO_COMMON_BLOCKS = YES;
				GCC_WARN_64_TO_32_BIT_CONVERSION = YES;
				GCC_WARN_ABOUT_RETURN_TYPE = YES_ERROR;
				GCC_WARN_UNDECLARED_SELECTOR = YES;
				GCC_WARN_UNINITIALIZED_AUTOS = YES_AGGRESSIVE;
				GCC_WARN_UNUSED_FUNCTION = YES;
				GCC_WARN_UNUSED_VARIABLE = YES;
				IPHONEOS_DEPLOYMENT_TARGET = 9.3;
				MTL_ENABLE_DEBUG_INFO = NO;
				SDKROOT = iphoneos;
				VALIDATE_PRODUCT = YES;
			};
			name = Release;
		};
		36C6B5241CA467530065CEA4 /* Debug */ = {
			isa = XCBuildConfiguration;
			buildSettings = {
				ASSETCATALOG_COMPILER_APPICON_NAME = AppIcon;
				INFOPLIST_FILE = ABCD/Info.plist;
				LD_RUNPATH_SEARCH_PATHS = "$(inherited) @executable_path/Frameworks";
				PRODUCT_BUNDLE_IDENTIFIER = group3.ABCD;
				PRODUCT_NAME = "$(TARGET_NAME)";
			};
			name = Debug;
		};
		36C6B5251CA467530065CEA4 /* Release */ = {
			isa = XCBuildConfiguration;
			buildSettings = {
				ASSETCATALOG_COMPILER_APPICON_NAME = AppIcon;
				INFOPLIST_FILE = ABCD/Info.plist;
				LD_RUNPATH_SEARCH_PATHS = "$(inherited) @executable_path/Frameworks";
				PRODUCT_BUNDLE_IDENTIFIER = group3.ABCD;
				PRODUCT_NAME = "$(TARGET_NAME)";
			};
			name = Release;
		};
		36C6B5271CA467530065CEA4 /* Debug */ = {
			isa = XCBuildConfiguration;
			buildSettings = {
				BUNDLE_LOADER = "$(TEST_HOST)";
				INFOPLIST_FILE = ABCDTests/Info.plist;
				LD_RUNPATH_SEARCH_PATHS = "$(inherited) @executable_path/Frameworks @loader_path/Frameworks";
				PRODUCT_BUNDLE_IDENTIFIER = group3.ABCDTests;
				PRODUCT_NAME = "$(TARGET_NAME)";
				TEST_HOST = "$(BUILT_PRODUCTS_DIR)/ABCD.app/ABCD";
			};
			name = Debug;
		};
		36C6B5281CA467530065CEA4 /* Release */ = {
			isa = XCBuildConfiguration;
			buildSettings = {
				BUNDLE_LOADER = "$(TEST_HOST)";
				INFOPLIST_FILE = ABCDTests/Info.plist;
				LD_RUNPATH_SEARCH_PATHS = "$(inherited) @executable_path/Frameworks @loader_path/Frameworks";
				PRODUCT_BUNDLE_IDENTIFIER = group3.ABCDTests;
				PRODUCT_NAME = "$(TARGET_NAME)";
				TEST_HOST = "$(BUILT_PRODUCTS_DIR)/ABCD.app/ABCD";
			};
			name = Release;
		};
		36C6B52A1CA467530065CEA4 /* Debug */ = {
			isa = XCBuildConfiguration;
			buildSettings = {
				INFOPLIST_FILE = ABCDUITests/Info.plist;
				LD_RUNPATH_SEARCH_PATHS = "$(inherited) @executable_path/Frameworks @loader_path/Frameworks";
				PRODUCT_BUNDLE_IDENTIFIER = group3.ABCDUITests;
				PRODUCT_NAME = "$(TARGET_NAME)";
				TEST_TARGET_NAME = ABCD;
			};
			name = Debug;
		};
		36C6B52B1CA467530065CEA4 /* Release */ = {
			isa = XCBuildConfiguration;
			buildSettings = {
				INFOPLIST_FILE = ABCDUITests/Info.plist;
				LD_RUNPATH_SEARCH_PATHS = "$(inherited) @executable_path/Frameworks @loader_path/Frameworks";
				PRODUCT_BUNDLE_IDENTIFIER = group3.ABCDUITests;
				PRODUCT_NAME = "$(TARGET_NAME)";
				TEST_TARGET_NAME = ABCD;
			};
			name = Release;
		};
/* End XCBuildConfiguration section */

/* Begin XCConfigurationList section */
		36C6B4F41CA467530065CEA4 /* Build configuration list for PBXProject "ABCD" */ = {
			isa = XCConfigurationList;
			buildConfigurations = (
				36C6B5211CA467530065CEA4 /* Debug */,
				36C6B5221CA467530065CEA4 /* Release */,
			);
			defaultConfigurationIsVisible = 0;
			defaultConfigurationName = Release;
		};
		36C6B5231CA467530065CEA4 /* Build configuration list for PBXNativeTarget "ABCD" */ = {
			isa = XCConfigurationList;
			buildConfigurations = (
				36C6B5241CA467530065CEA4 /* Debug */,
				36C6B5251CA467530065CEA4 /* Release */,
			);
			defaultConfigurationIsVisible = 0;
			defaultConfigurationName = Release;
		};
		36C6B5261CA467530065CEA4 /* Build configuration list for PBXNativeTarget "ABCDTests" */ = {
			isa = XCConfigurationList;
			buildConfigurations = (
				36C6B5271CA467530065CEA4 /* Debug */,
				36C6B5281CA467530065CEA4 /* Release */,
			);
			defaultConfigurationIsVisible = 0;
			defaultConfigurationName = Release;
		};
		36C6B5291CA467530065CEA4 /* Build configuration list for PBXNativeTarget "ABCDUITests" */ = {
			isa = XCConfigurationList;
			buildConfigurations = (
				36C6B52A1CA467530065CEA4 /* Debug */,
				36C6B52B1CA467530065CEA4 /* Release */,
			);
			defaultConfigurationIsVisible = 0;
			defaultConfigurationName = Release;
		};
/* End XCConfigurationList section */
	};
	rootObject = 36C6B4F11CA467530065CEA4 /* Project object */;
}
